[[dependencies]]
name = "@openzeppelin-confidential-contracts"
version = "6edd293"
git = "https://github.com/OpenZeppelin/openzeppelin-confidential-contracts.git"
rev = "6edd293165d6dc1fd29fffaa391b370b1888a70d"

[[dependencies]]
name = "@openzeppelin-contracts"
version = "5.1.0"
url = "https://soldeer-revisions.s3.amazonaws.com/@openzeppelin-contracts/5_1_0_19-10-2024_10:28:52_contracts.zip"
checksum = "fd3d1ea561cb27897008aee18ada6e85f248eb161c86e4435272fc2b5777574f"
integrity = "cb6cf6e878f2943b2291d5636a9d72ac51d43d8135896ceb6cf88d36c386f212"

[[dependencies]]
name = "@openzeppelin-contracts-upgradeable"
version = "5.1.0"
url = "https://soldeer-revisions.s3.amazonaws.com/@openzeppelin-contracts-upgradeable/5_1_0_19-10-2024_10:28:58_contracts-upgradeable.zip"
checksum = "87854223d14941d6fda3d78d900217e79e25755ea5bc48beca035766fa6a4e7e"
integrity = "826fb621339dcee4261f848b283ec86364743d3c289d61f621747d95e315215a"

[[dependencies]]
name = "encrypted-types"
version = "0.0.4"
git = "https://github.com/confidential-token-association/encrypted-types.git"
rev = "2d97522979fdf00f3dbb5ab7d1ade3b49c07f795"

[[dependencies]]
name = "fhevm"
version = "0.11.1"
git = "https://github.com/zama-ai/fhevm.git"
rev = "2458fa9c2c78b7d84ef55ff0754f6bd80c4a15f6"

[[dependencies]]
name = "forge-std"
version = "1.14.0"
url = "https://soldeer-revisions.s3.amazonaws.com/forge-std/1_14_0_05-01-2026_15:24:39_forge-std-1.14.zip"
checksum = "d10079d1b7aac1a36dd2eeb4c5d042e8ed27b00f4ef89530b7f0a6ecd18cada3"
integrity = "64133846def1b04b1726d2bf1292c19050a0e8cb832b60c6104c19595b9699f8"
